
Microsoft Visual Studio Solution File, Format Version 12.00
# Visual Studio 14
VisualStudioVersion = 14.0.25420.1
MinimumVisualStudioVersion = 10.0.40219.1
Project("{FAE04EC0-301F-11D3-BF4B-00C04F79EFBC}") = "Backend.Api", "Backend.Api\Backend.Api.csproj", "{6730CA63-BA54-433B-A4A6-DC5A34B7DFA4}"
EndProject
Project("{FAE04EC0-301F-11D3-BF4B-00C04F79EFBC}") = "Backend.Domain", "Backend.Domain\Backend.Domain.csproj", "{A703D65F-3D40-44CA-8B47-8CB759C50666}"
EndProject
Project("{FAE04EC0-301F-11D3-BF4B-00C04F79EFBC}") = "Backend.Data.EntityFramework", "Backend.Data.EntityFramework\Backend.Data.EntityFramework.csproj", "{6EB3575B-06C8-4249-8858-5B31A216BFED}"
EndProject
Project("{FAE04EC0-301F-11D3-BF4B-00C04F79EFBC}") = "Backend.Test.Integracion", "Backend.Test.Integracion\Backend.Test.Integracion.csproj", "{AB5A776A-63F5-43AA-973B-EDA0FEEA8FEA}"
EndProject
Project("{FAE04EC0-301F-11D3-BF4B-00C04F79EFBC}") = "Backend.BusinessLogic", "Backend.BusinessLogic\Backend.BusinessLogic.csproj", "{423CED6B-F673-4E2D-8FD2-7CC55443196E}"
EndProject
Global
	GlobalSection(SolutionConfigurationPlatforms) = preSolution
		Debug|Any CPU = Debug|Any CPU
		Release|Any CPU = Release|Any CPU
	EndGlobalSection
	GlobalSection(ProjectConfigurationPlatforms) = postSolution
		{6730CA63-BA54-433B-A4A6-DC5A34B7DFA4}.Debug|Any CPU.ActiveCfg = Debug|Any CPU
		{6730CA63-BA54-433B-A4A6-DC5A34B7DFA4}.Debug|Any CPU.Build.0 = Debug|Any CPU
		{6730CA63-BA54-433B-A4A6-DC5A34B7DFA4}.Release|Any CPU.ActiveCfg = Release|Any CPU
		{6730CA63-BA54-433B-A4A6-DC5A34B7DFA4}.Release|Any CPU.Build.0 = Release|Any CPU
		{A703D65F-3D40-44CA-8B47-8CB759C50666}.Debug|Any CPU.ActiveCfg = Debug|Any CPU
		{A703D65F-3D40-44CA-8B47-8CB759C50666}.Debug|Any CPU.Build.0 = Debug|Any CPU
		{A703D65F-3D40-44CA-8B47-8CB759C50666}.Release|Any CPU.ActiveCfg = Release|Any CPU
		{A703D65F-3D40-44CA-8B47-8CB759C50666}.Release|Any CPU.Build.0 = Release|Any CPU
		{6EB3575B-06C8-4249-8858-5B31A216BFED}.Debug|Any CPU.ActiveCfg = Debug|Any CPU
		{6EB3575B-06C8-4249-8858-5B31A216BFED}.Debug|Any CPU.Build.0 = Debug|Any CPU
		{6EB3575B-06C8-4249-8858-5B31A216BFED}.Release|Any CPU.ActiveCfg = Release|Any CPU
		{6EB3575B-06C8-4249-8858-5B31A216BFED}.Release|Any CPU.Build.0 = Release|Any CPU
		{AB5A776A-63F5-43AA-973B-EDA0FEEA8FEA}.Debug|Any CPU.ActiveCfg = Debug|Any CPU
		{AB5A776A-63F5-43AA-973B-EDA0FEEA8FEA}.Debug|Any CPU.Build.0 = Debug|Any CPU
		{AB5A776A-63F5-43AA-973B-EDA0FEEA8FEA}.Release|Any CPU.ActiveCfg = Release|Any CPU
		{AB5A776A-63F5-43AA-973B-EDA0FEEA8FEA}.Release|Any CPU.Build.0 = Release|Any CPU
		{423CED6B-F673-4E2D-8FD2-7CC55443196E}.Debug|Any CPU.ActiveCfg = Debug|Any CPU
		{423CED6B-F673-4E2D-8FD2-7CC55443196E}.Debug|Any CPU.Build.0 = Debug|Any CPU
		{423CED6B-F673-4E2D-8FD2-7CC55443196E}.Release|Any CPU.ActiveCfg = Release|Any CPU
		{423CED6B-F673-4E2D-8FD2-7CC55443196E}.Release|Any CPU.Build.0 = Release|Any CPU
	EndGlobalSection
	GlobalSection(SolutionProperties) = preSolution
		HideSolutionNode = FALSE
	EndGlobalSection
	GlobalSection(ExtensibilityGlobals) = postSolution
		SolutionGuid = {A83B0D64-B1D9-41A7-BC01-C50336A53720}
	EndGlobalSection
EndGlobal
